
Microsoft Visual Studio Solution File, Format Version 12.00
# Visual Studio Version 17
VisualStudioVersion = 17.10.35013.160
MinimumVisualStudioVersion = 10.0.40219.1
Project("{9A19103F-16F7-4668-BE54-9A1E7A4F7556}") = "PostCentral", "src\PostCentral.csproj", "{6E3994B0-6E81-4DDE-B28D-82393E3C1CCE}"
EndProject
Global
	GlobalSection(SolutionConfigurationPlatforms) = preSolution
		Debug|Any CPU = Debug|Any CPU
		Release|Any CPU = Release|Any CPU
	EndGlobalSection
	GlobalSection(ProjectConfigurationPlatforms) = postSolution
		{6E3994B0-6E81-4DDE-B28D-82393E3C1CCE}.Debug|Any CPU.ActiveCfg = Debug|Any CPU
		{6E3994B0-6E81-4DDE-B28D-82393E3C1CCE}.Debug|Any CPU.Build.0 = Debug|Any CPU
		{6E3994B0-6E81-4DDE-B28D-82393E3C1CCE}.Release|Any CPU.ActiveCfg = Release|Any CPU
		{6E3994B0-6E81-4DDE-B28D-82393E3C1CCE}.Release|Any CPU.Build.0 = Release|Any CPU
	EndGlobalSection
	GlobalSection(SolutionProperties) = preSolution
		HideSolutionNode = FALSE
	EndGlobalSection
	GlobalSection(ExtensibilityGlobals) = postSolution
		SolutionGuid = {633B0C80-C14D-44A9-93BC-AF4B24606002}
	EndGlobalSection
EndGlobal
